// !$*UTF8*$!
{
	archiveVersion = 1;
	classes = {
	};
	objectVersion = 77;
	objects = {

/* Begin PBXBuildFile section */
		7B8692F02FC4BC7D00184027 /* DiskCleanerCore in Frameworks */ = {isa = PBXBuildFile; productRef = 7B8692EF2FC4BC7D00184027 /* DiskCleanerCore */; };
/* End PBXBuildFile section */

/* Begin PBXContainerItemProxy section */
		7B8692BF2FC4A4FD00184027 /* PBXContainerItemProxy */ = {
			isa = PBXContainerItemProxy;
			containerPortal = 7B8692A62FC4A4FB00184027 /* Project object */;
			proxyType = 1;
			remoteGlobalIDString = 7B8692AD2FC4A4FB00184027;
			remoteInfo = DiskCleaner;
		};
		7B8692C92FC4A4FD00184027 /* PBXContainerItemProxy */ = {
			isa = PBXContainerItemProxy;
			containerPortal = 7B8692A62FC4A4FB00184027 /* Project object */;
			proxyType = 1;
			remoteGlobalIDString = 7B8692AD2FC4A4FB00184027;
			remoteInfo = DiskCleaner;
		};
/* End PBXContainerItemProxy section */

/* Begin PBXFileReference section */
		7B8692AE2FC4A4FB00184027 /* DiskCleaner.app */ = {isa = PBXFileReference; explicitFileType = wrapper.application; includeInIndex = 0; path = DiskCleaner.app; sourceTree = BUILT_PRODUCTS_DIR; };
		7B8692BE2FC4A4FD00184027 /* DiskCleanerTests.xctest */ = {isa = PBXFileReference; explicitFileType = wrapper.cfbundle; includeInIndex = 0; path = DiskCleanerTests.xctest; sourceTree = BUILT_PRODUCTS_DIR; };
		7B8692C82FC4A4FD00184027 /* DiskCleanerUITests.xctest */ = {isa = PBXFileReference; explicitFileType = wrapper.cfbundle; includeInIndex = 0; path = DiskCleanerUITests.xctest; sourceTree = BUILT_PRODUCTS_DIR; };
/* End PBXFileReference section */

/* Begin PBXFileSystemSynchronizedRootGroup section */
		7B8692B02FC4A4FB00184027 /* DiskCleaner */ = {
			isa = PBXFileSystemSynchronizedRootGroup;
			path = DiskCleaner;
			sourceTree = "<group>";
		};
		7B8692C12FC4A4FD00184027 /* DiskCleanerTests */ = {
			isa = PBXFileSystemSynchronizedRootGroup;
			path = DiskCleanerTests;
			sourceTree = "<group>";
		};
		7B8692CB2FC4A4FD00184027 /* DiskCleanerUITests */ = {
			isa = PBXFileSystemSynchronizedRootGroup;
			path = DiskCleanerUITests;
			sourceTree = "<group>";
		};
/* End PBXFileSystemSynchronizedRootGroup section */

/* Begin PBXFrameworksBuildPhase section */
		7B8692AB2FC4A4FB00184027 /* Frameworks */ = {
			isa = PBXFrameworksBuildPhase;
			buildActionMask = 2147483647;
			files = (
				7B8692F02FC4BC7D00184027 /* DiskCleanerCore in Frameworks */,
			);
			runOnlyForDeploymentPostprocessing = 0;
		};
		7B8692BB2FC4A4FD00184027 /* Frameworks */ = {
			isa = PBXFrameworksBuildPhase;
			buildActionMask = 2147483647;
			files = (
			);
			runOnlyForDeploymentPostprocessing = 0;
		};
		7B8692C52FC4A4FD00184027 /* Frameworks */ = {
			isa = PBXFrameworksBuildPhase;
			buildActionMask = 2147483647;
			files = (
			);
			runOnlyForDeploymentPostprocessing = 0;
		};
/* End PBXFrameworksBuildPhase section */

/* Begin PBXGroup section */
		7B8692A52FC4A4FB00184027 = {
			isa = PBXGroup;
			children = (
				7B8692B02FC4A4FB00184027 /* DiskCleaner */,
				7B8692C12FC4A4FD00184027 /* DiskCleanerTests */,
				7B8692CB2FC4A4FD00184027 /* DiskCleanerUITests */,
				7B8692AF2FC4A4FB00184027 /* Products */,
			);
			sourceTree = "<group>";
		};
		7B8692AF2FC4A4FB00184027 /* Products */ = {
			isa = PBXGroup;
			children = (
				7B8692AE2FC4A4FB00184027 /* DiskCleaner.app */,
				7B8692BE2FC4A4FD00184027 /* DiskCleanerTests.xctest */,
				7B8692C82FC4A4FD00184027 /* DiskCleanerUITests.xctest */,
			);
			name = Products;
			sourceTree = "<group>";
		};
/* End PBXGroup section */

/* Begin PBXNativeTarget section */
		7B8692AD2FC4A4FB00184027 /* DiskCleaner */ = {
			isa = PBXNativeTarget;
			buildConfigurationList = 7B8692D22FC4A4FD00184027 /* Build configuration list for PBXNativeTarget "DiskCleaner" */;
			buildPhases = (
				7B8692AA2FC4A4FB00184027 /* Sources */,
				7B8692AB2FC4A4FB00184027 /* Frameworks */,
				7B8692AC2FC4A4FB00184027 /* Resources */,
			);
			buildRules = (
			);
			dependencies = (
			);
			fileSystemSynchronizedGroups = (
				7B8692B02FC4A4FB00184027 /* DiskCleaner */,
			);
			name = DiskCleaner;
			packageProductDependencies = (
				7B8692EF2FC4BC7D00184027 /* DiskCleanerCore */,
			);
			productName = DiskCleaner;
			productReference = 7B8692AE2FC4A4FB00184027 /* DiskCleaner.app */;
			productType = "com.apple.product-type.application";
		};
		7B8692BD2FC4A4FD00184027 /* DiskCleanerTests */ = {
			isa = PBXNativeTarget;
			buildConfigurationList = 7B8692D52FC4A4FD00184027 /* Build configuration list for PBXNativeTarget "DiskCleanerTests" */;
			buildPhases = (
				7B8692BA2FC4A4FD00184027 /* Sources */,
				7B8692BB2FC4A4FD00184027 /* Frameworks */,
				7B8692BC2FC4A4FD00184027 /* Resources */,
			);
			buildRules = (
			);
			dependencies = (
				7B8692C02FC4A4FD00184027 /* PBXTargetDependency */,
			);
			fileSystemSynchronizedGroups = (
				7B8692C12FC4A4FD00184027 /* DiskCleanerTests */,
			);
			name = DiskCleanerTests;
			packageProductDependencies = (
			);
			productName = DiskCleanerTests;
			productReference = 7B8692BE2FC4A4FD00184027 /* DiskCleanerTests.xctest */;
			productType = "com.apple.product-type.bundle.unit-test";
		};
		7B8692C72FC4A4FD00184027 /* DiskCleanerUITests */ = {
			isa = PBXNativeTarget;
			buildConfigurationList = 7B8692D82FC4A4FD00184027 /* Build configuration list for PBXNativeTarget "DiskCleanerUITests" */;
			buildPhases = (
				7B8692C42FC4A4FD00184027 /* Sources */,
				7B8692C52FC4A4FD00184027 /* Frameworks */,
				7B8692C62FC4A4FD00184027 /* Resources */,
			);
			buildRules = (
			);
			dependencies = (
				7B8692CA2FC4A4FD00184027 /* PBXTargetDependency */,
			);
			fileSystemSynchronizedGroups = (
				7B8692CB2FC4A4FD00184027 /* DiskCleanerUITests */,
			);
			name = DiskCleanerUITests;
			packageProductDependencies = (
			);
			productName = DiskCleanerUITests;
			productReference = 7B8692C82FC4A4FD00184027 /* DiskCleanerUITests.xctest */;
			productType = "com.apple.product-type.bundle.ui-testing";
		};
/* End PBXNativeTarget section */

/* Begin PBXProject section */
		7B8692A62FC4A4FB00184027 /* Project object */ = {
			isa = PBXProject;
			attributes = {
				BuildIndependentTargetsInParallel = 1;
				LastSwiftUpdateCheck = 2650;
				LastUpgradeCheck = 2650;
				TargetAttributes = {
					7B8692AD2FC4A4FB00184027 = {
						CreatedOnToolsVersion = 26.5;
					};
					7B8692BD2FC4A4FD00184027 = {
						CreatedOnToolsVersion = 26.5;
						TestTargetID = 7B8692AD2FC4A4FB00184027;
					};
					7B8692C72FC4A4FD00184027 = {
						CreatedOnToolsVersion = 26.5;
						TestTargetID = 7B8692AD2FC4A4FB00184027;
					};
				};
			};
			buildConfigurationList = 7B8692A92FC4A4FB00184027 /* Build configuration list for PBXProject "DiskCleaner" */;
			developmentRegion = en;
			hasScannedForEncodings = 0;
			knownRegions = (
				en,
				Base,
			);
			mainGroup = 7B8692A52FC4A4FB00184027;
			minimizedProjectReferenceProxies = 1;
			packageReferences = (
				7B8692EE2FC4BC7D00184027 /* XCLocalSwiftPackageReference "DiskCleanerCore" */,
			);
			preferredProjectObjectVersion = 77;
			productRefGroup = 7B8692AF2FC4A4FB00184027 /* Products */;
			projectDirPath = "";
			projectRoot = "";
			targets = (
				7B8692AD2FC4A4FB00184027 /* DiskCleaner */,
				7B8692BD2FC4A4FD00184027 /* DiskCleanerTests */,
				7B8692C72FC4A4FD00184027 /* DiskCleanerUITests */,
			);
		};
/* End PBXProject section */

/* Begin PBXResourcesBuildPhase section */
		7B8692AC2FC4A4FB00184027 /* Resources */ = {
			isa = PBXResourcesBuildPhase;
			buildActionMask = 2147483647;
			files = (
			);
			runOnlyForDeploymentPostprocessing = 0;
		};
		7B8692BC2FC4A4FD00184027 /* Resources */ = {
			isa = PBXResourcesBuildPhase;
			buildActionMask = 2147483647;
			files = (
			);
			runOnlyForDeploymentPostprocessing = 0;
		};
		7B8692C62FC4A4FD00184027 /* Resources */ = {
			isa = PBXResourcesBuildPhase;
			buildActionMask = 2147483647;
			files = (
			);
			runOnlyForDeploymentPostprocessing = 0;
		};
/* End PBXResourcesBuildPhase section */

/* Begin PBXSourcesBuildPhase section */
		7B8692AA2FC4A4FB00184027 /* Sources */ = {
			isa = PBXSourcesBuildPhase;
			buildActionMask = 2147483647;
			files = (
			);
			runOnlyForDeploymentPostprocessing = 0;
		};
		7B8692BA2FC4A4FD00184027 /* Sources */ = {
			isa = PBXSourcesBuildPhase;
			buildActionMask = 2147483647;
			files = (
			);
			runOnlyForDeploymentPostprocessing = 0;
		};
		7B8692C42FC4A4FD00184027 /* Sources */ = {
			isa = PBXSourcesBuildPhase;
			buildActionMask = 2147483647;
			files = (
			);
			runOnlyForDeploymentPostprocessing = 0;
		};
/* End PBXSourcesBuildPhase section */

/* Begin PBXTargetDependency section */
		7B8692C02FC4A4FD00184027 /* PBXTargetDependency */ = {
			isa = PBXTargetDependency;
			target = 7B8692AD2FC4A4FB00184027 /* DiskCleaner */;
			targetProxy = 7B8692BF2FC4A4FD00184027 /* PBXContainerItemProxy */;
		};
		7B8692CA2FC4A4FD00184027 /* PBXTargetDependency */ = {
			isa = PBXTargetDependency;
			target = 7B8692AD2FC4A4FB00184027 /* DiskCleaner */;
			targetProxy = 7B8692C92FC4A4FD00184027 /* PBXContainerItemProxy */;
		};
/* End PBXTargetDependency section */

/* Begin XCBuildConfiguration section */
		7B8692D02FC4A4FD00184027 /* Debug */ = {
			isa = XCBuildConfiguration;
			buildSettings = {
				ALWAYS_SEARCH_USER_PATHS = NO;
				ASSETCATALOG_COMPILER_GENERATE_SWIFT_ASSET_SYMBOL_EXTENSIONS = YES;
				CLANG_ANALYZER_NONNULL = YES;
				CLANG_ANALYZER_NUMBER_OBJECT_CONVERSION = YES_AGGRESSIVE;
				CLANG_CXX_LANGUAGE_STANDARD = "gnu++20";
				CLANG_ENABLE_MODULES = YES;
				CLANG_ENABLE_OBJC_ARC = YES;
				CLANG_ENABLE_OBJC_WEAK = YES;
				CLANG_WARN_BLOCK_CAPTURE_AUTORELEASING = YES;
				CLANG_WARN_BOOL_CONVERSION = YES;
				CLANG_WARN_COMMA = YES;
				CLANG_WARN_CONSTANT_CONVERSION = YES;
				CLANG_WARN_DEPRECATED_OBJC_IMPLEMENTATIONS = YES;
				CLANG_WARN_DIRECT_OBJC_ISA_USAGE = YES_ERROR;
				CLANG_WARN_DOCUMENTATION_COMMENTS = YES;
				CLANG_WARN_EMPTY_BODY = YES;
				CLANG_WARN_ENUM_CONVERSION = YES;
				CLANG_WARN_INFINITE_RECURSION = YES;
				CLANG_WARN_INT_CONVERSION = YES;
				CLANG_WARN_NON_LITERAL_NULL_CONVERSION = YES;
				CLANG_WARN_OBJC_IMPLICIT_RETAIN_SELF = YES;
				CLANG_WARN_OBJC_LITERAL_CONVERSION = YES;
				CLANG_WARN_OBJC_ROOT_CLASS = YES_ERROR;
				CLANG_WARN_QUOTED_INCLUDE_IN_FRAMEWORK_HEADER = YES;
				CLANG_WARN_RANGE_LOOP_ANALYSIS = YES;
				CLANG_WARN_STRICT_PROTOTYPES = YES;
				CLANG_WARN_SUSPICIOUS_MOVE = YES;
				CLANG_WARN_UNGUARDED_AVAILABILITY = YES_AGGRESSIVE;
				CLANG_WARN_UNREACHABLE_CODE = YES;
				CLANG_WARN__DUPLICATE_METHOD_MATCH = YES;
				COPY_PHASE_STRIP = NO;
				DEBUG_INFORMATION_FORMAT = dwarf;
				DEVELOPMENT_TEAM = 26XR4Z2WNN;
				ENABLE_STRICT_OBJC_MSGSEND = YES;
				ENABLE_TESTABILITY = YES;
				ENABLE_USER_SCRIPT_SANDBOXING = YES;
				GCC_C_LANGUAGE_STANDARD = gnu17;
				GCC_DYNAMIC_NO_PIC = NO;
				GCC_NO_COMMON_BLOCKS = YES;
				GCC_OPTIMIZATION_LEVEL = 0;
				GCC_PREPROCESSOR_DEFINITIONS = (
					"DEBUG=1",
					"$(inherited)",
				);
				GCC_WARN_64_TO_32_BIT_CONVERSION = YES;
				GCC_WARN_ABOUT_RETURN_TYPE = YES_ERROR;
				GCC_WARN_UNDECLARED_SELECTOR = YES;
				GCC_WARN_UNINITIALIZED_AUTOS = YES_AGGRESSIVE;
				GCC_WARN_UNUSED_FUNCTION = YES;
				GCC_WARN_UNUSED_VARIABLE = YES;
				LOCALIZATION_PREFERS_STRING_CATALOGS = YES;
				MACOSX_DEPLOYMENT_TARGET = 26.5;
				MTL_ENABLE_DEBUG_INFO = INCLUDE_SOURCE;
				MTL_FAST_MATH = YES;
				ONLY_ACTIVE_ARCH = YES;
				SDKROOT = macosx;
				SWIFT_ACTIVE_COMPILATION_CONDITIONS = "DEBUG $(inherited)";
				SWIFT_OPTIMIZATION_LEVEL = "-Onone";
			};
			name = Debug;
		};
		7B8692D12FC4A4FD00184027 /* Release */ = {
			isa = XCBuildConfiguration;
			buildSettings = {
				ALWAYS_SEARCH_USER_PATHS = NO;
				ASSETCATALOG_COMPILER_GENERATE_SWIFT_ASSET_SYMBOL_EXTENSIONS = YES;
				CLANG_ANALYZER_NONNULL = YES;
				CLANG_ANALYZER_NUMBER_OBJECT_CONVERSION = YES_AGGRESSIVE;
				CLANG_CXX_LANGUAGE_STANDARD = "gnu++20";
				CLANG_ENABLE_MODULES = YES;
				CLANG_ENABLE_OBJC_ARC = YES;
				CLANG_ENABLE_OBJC_WEAK = YES;
				CLANG_WARN_BLOCK_CAPTURE_AUTORELEASING = YES;
				CLANG_WARN_BOOL_CONVERSION = YES;
				CLANG_WARN_COMMA = YES;
				CLANG_WARN_CONSTANT_CONVERSION = YES;
				CLANG_WARN_DEPRECATED_OBJC_IMPLEMENTATIONS = YES;
				CLANG_WARN_DIRECT_OBJC_ISA_USAGE = YES_ERROR;
				CLANG_WARN_DOCUMENTATION_COMMENTS = YES;
				CLANG_WARN_EMPTY_BODY = YES;
				CLANG_WARN_ENUM_CONVERSION = YES;
				CLANG_WARN_INFINITE_RECURSION = YES;
				CLANG_WARN_INT_CONVERSION = YES;
				CLANG_WARN_NON_LITERAL_NULL_CONVERSION = YES;
				CLANG_WARN_OBJC_IMPLICIT_RETAIN_SELF = YES;
				CLANG_WARN_OBJC_LITERAL_CONVERSION = YES;
				CLANG_WARN_OBJC_ROOT_CLASS = YES_ERROR;
				CLANG_WARN_QUOTED_INCLUDE_IN_FRAMEWORK_HEADER = YES;
				CLANG_WARN_RANGE_LOOP_ANALYSIS = YES;
				CLANG_WARN_STRICT_PROTOTYPES = YES;
				CLANG_WARN_SUSPICIOUS_MOVE = YES;
				CLANG_WARN_UNGUARDED_AVAILABILITY = YES_AGGRESSIVE;
				CLANG_WARN_UNREACHABLE_CODE = YES;
				CLANG_WARN__DUPLICATE_METHOD_MATCH = YES;
				COPY_PHASE_STRIP = NO;
				DEBUG_INFORMATION_FORMAT = "dwarf-with-dsym";
				DEVELOPMENT_TEAM = 26XR4Z2WNN;
				ENABLE_NS_ASSERTIONS = NO;
				ENABLE_STRICT_OBJC_MSGSEND = YES;
				ENABLE_USER_SCRIPT_SANDBOXING = YES;
				GCC_C_LANGUAGE_STANDARD = gnu17;
				GCC_NO_COMMON_BLOCKS = YES;
				GCC_WARN_64_TO_32_BIT_CONVERSION = YES;
				GCC_WARN_ABOUT_RETURN_TYPE = YES_ERROR;
				GCC_WARN_UNDECLARED_SELECTOR = YES;
				GCC_WARN_UNINITIALIZED_AUTOS = YES_AGGRESSIVE;
				GCC_WARN_UNUSED_FUNCTION = YES;
				GCC_WARN_UNUSED_VARIABLE = YES;
				LOCALIZATION_PREFERS_STRING_CATALOGS = YES;
				MACOSX_DEPLOYMENT_TARGET = 26.5;
				MTL_ENABLE_DEBUG_INFO = NO;
				MTL_FAST_MATH = YES;
				SDKROOT = macosx;
				SWIFT_COMPILATION_MODE = wholemodule;
			};
			name = Release;
		};
		7B8692D32FC4A4FD00184027 /* Debug */ = {
			isa = XCBuildConfiguration;
			buildSettings = {
				ASSETCATALOG_COMPILER_APPICON_NAME = AppIcon;
				ASSETCATALOG_COMPILER_GLOBAL_ACCENT_COLOR_NAME = AccentColor;
				CODE_SIGN_STYLE = Automatic;
				COMBINE_HIDPI_IMAGES = YES;
				CURRENT_PROJECT_VERSION = 1;
				DEVELOPMENT_TEAM = 26XR4Z2WNN;
				ENABLE_APP_SANDBOX = NO;
				ENABLE_HARDENED_RUNTIME = YES;
				GENERATE_INFOPLIST_FILE = YES;
				INFOPLIST_KEY_NSHumanReadableCopyright = "";
				INFOPLIST_KEY_NSPrincipalClass = NSApplication;
				LD_RUNPATH_SEARCH_PATHS = (
					"$(inherited)",
					"@executable_path/../Frameworks",
				);
				MARKETING_VERSION = 1.0;
				PRODUCT_BUNDLE_IDENTIFIER = ai.x.diskcleaner;
				PRODUCT_NAME = "$(TARGET_NAME)";
				REGISTER_APP_GROUPS = YES;
				STRING_CATALOG_GENERATE_SYMBOLS = YES;
				SWIFT_APPROACHABLE_CONCURRENCY = YES;
				SWIFT_DEFAULT_ACTOR_ISOLATION = MainActor;
				SWIFT_EMIT_LOC_STRINGS = YES;
				SWIFT_UPCOMING_FEATURE_MEMBER_IMPORT_VISIBILITY = YES;
				SWIFT_VERSION = 5.0;
			};
			name = Debug;
		};
		7B8692D42FC4A4FD00184027 /* Release */ = {
			isa = XCBuildConfiguration;
			buildSettings = {
				ASSETCATALOG_COMPILER_APPICON_NAME = AppIcon;
				ASSETCATALOG_COMPILER_GLOBAL_ACCENT_COLOR_NAME = AccentColor;
				CODE_SIGN_STYLE = Automatic;
				COMBINE_HIDPI_IMAGES = YES;
				CURRENT_PROJECT_VERSION = 1;
				DEVELOPMENT_TEAM = 26XR4Z2WNN;
				ENABLE_APP_SANDBOX = NO;
				ENABLE_HARDENED_RUNTIME = YES;
				GENERATE_INFOPLIST_FILE = YES;
				INFOPLIST_KEY_NSHumanReadableCopyright = "";
				INFOPLIST_KEY_NSPrincipalClass = NSApplication;
				LD_RUNPATH_SEARCH_PATHS = (
					"$(inherited)",
					"@executable_path/../Frameworks",
				);
				MARKETING_VERSION = 1.0;
				PRODUCT_BUNDLE_IDENTIFIER = ai.x.diskcleaner;
				PRODUCT_NAME = "$(TARGET_NAME)";
				REGISTER_APP_GROUPS = YES;
				STRING_CATALOG_GENERATE_SYMBOLS = YES;
				SWIFT_APPROACHABLE_CONCURRENCY = YES;
				SWIFT_DEFAULT_ACTOR_ISOLATION = MainActor;
				SWIFT_EMIT_LOC_STRINGS = YES;
				SWIFT_UPCOMING_FEATURE_MEMBER_IMPORT_VISIBILITY = YES;
				SWIFT_VERSION = 5.0;
			};
			name = Release;
		};
		7B8692D62FC4A4FD00184027 /* Debug */ = {
			isa = XCBuildConfiguration;
			buildSettings = {
				BUNDLE_LOADER = "$(TEST_HOST)";
				CODE_SIGN_STYLE = Automatic;
				CURRENT_PROJECT_VERSION = 1;
				DEVELOPMENT_TEAM = 26XR4Z2WNN;
				GENERATE_INFOPLIST_FILE = YES;
				MACOSX_DEPLOYMENT_TARGET = 26.5;
				MARKETING_VERSION = 1.0;
				PRODUCT_BUNDLE_IDENTIFIER = ai.vomo.diskcleaner.tests;
				PRODUCT_NAME = "$(TARGET_NAME)";
				STRING_CATALOG_GENERATE_SYMBOLS = NO;
				SWIFT_APPROACHABLE_CONCURRENCY = YES;
				SWIFT_EMIT_LOC_STRINGS = NO;
				SWIFT_UPCOMING_FEATURE_MEMBER_IMPORT_VISIBILITY = YES;
				SWIFT_VERSION = 5.0;
				TEST_HOST = "$(BUILT_PRODUCTS_DIR)/DiskCleaner.app/$(BUNDLE_EXECUTABLE_FOLDER_PATH)/DiskCleaner";
			};
			name = Debug;
		};
		7B8692D72FC4A4FD00184027 /* Release */ = {
			isa = XCBuildConfiguration;
			buildSettings = {
				BUNDLE_LOADER = "$(TEST_HOST)";
				CODE_SIGN_STYLE = Automatic;
				CURRENT_PROJECT_VERSION = 1;
				DEVELOPMENT_TEAM = 26XR4Z2WNN;
				GENERATE_INFOPLIST_FILE = YES;
				MACOSX_DEPLOYMENT_TARGET = 26.5;
				MARKETING_VERSION = 1.0;
				PRODUCT_BUNDLE_IDENTIFIER = ai.vomo.diskcleaner.tests;
				PRODUCT_NAME = "$(TARGET_NAME)";
				STRING_CATALOG_GENERATE_SYMBOLS = NO;
				SWIFT_APPROACHABLE_CONCURRENCY = YES;
				SWIFT_EMIT_LOC_STRINGS = NO;
				SWIFT_UPCOMING_FEATURE_MEMBER_IMPORT_VISIBILITY = YES;
				SWIFT_VERSION = 5.0;
				TEST_HOST = "$(BUILT_PRODUCTS_DIR)/DiskCleaner.app/$(BUNDLE_EXECUTABLE_FOLDER_PATH)/DiskCleaner";
			};
			name = Release;
		};
		7B8692D92FC4A4FD00184027 /* Debug */ = {
			isa = XCBuildConfiguration;
			buildSettings = {
				CODE_SIGN_STYLE = Automatic;
				CURRENT_PROJECT_VERSION = 1;
				DEVELOPMENT_TEAM = 26XR4Z2WNN;
				GENERATE_INFOPLIST_FILE = YES;
				MARKETING_VERSION = 1.0;
				PRODUCT_BUNDLE_IDENTIFIER = ai.vomo.diskcleaner.uitests;
				PRODUCT_NAME = "$(TARGET_NAME)";
				STRING_CATALOG_GENERATE_SYMBOLS = NO;
				SWIFT_APPROACHABLE_CONCURRENCY = YES;
				SWIFT_EMIT_LOC_STRINGS = NO;
				SWIFT_UPCOMING_FEATURE_MEMBER_IMPORT_VISIBILITY = YES;
				SWIFT_VERSION = 5.0;
				TEST_TARGET_NAME = DiskCleaner;
			};
			name = Debug;
		};
		7B8692DA2FC4A4FD00184027 /* Release */ = {
			isa = XCBuildConfiguration;
			buildSettings = {
				CODE_SIGN_STYLE = Automatic;
				CURRENT_PROJECT_VERSION = 1;
				DEVELOPMENT_TEAM = 26XR4Z2WNN;
				GENERATE_INFOPLIST_FILE = YES;
				MARKETING_VERSION = 1.0;
				PRODUCT_BUNDLE_IDENTIFIER = ai.vomo.diskcleaner.uitests;
				PRODUCT_NAME = "$(TARGET_NAME)";
				STRING_CATALOG_GENERATE_SYMBOLS = NO;
				SWIFT_APPROACHABLE_CONCURRENCY = YES;
				SWIFT_EMIT_LOC_STRINGS = NO;
				SWIFT_UPCOMING_FEATURE_MEMBER_IMPORT_VISIBILITY = YES;
				SWIFT_VERSION = 5.0;
				TEST_TARGET_NAME = DiskCleaner;
			};
			name = Release;
		};
/* End XCBuildConfiguration section */

/* Begin XCConfigurationList section */
		7B8692A92FC4A4FB00184027 /* Build configuration list for PBXProject "DiskCleaner" */ = {
			isa = XCConfigurationList;
			buildConfigurations = (
				7B8692D02FC4A4FD00184027 /* Debug */,
				7B8692D12FC4A4FD00184027 /* Release */,
			);
			defaultConfigurationIsVisible = 0;
			defaultConfigurationName = Release;
		};
		7B8692D22FC4A4FD00184027 /* Build configuration list for PBXNativeTarget "DiskCleaner" */ = {
			isa = XCConfigurationList;
			buildConfigurations = (
				7B8692D32FC4A4FD00184027 /* Debug */,
				7B8692D42FC4A4FD00184027 /* Release */,
			);
			defaultConfigurationIsVisible = 0;
			defaultConfigurationName = Release;
		};
		7B8692D52FC4A4FD00184027 /* Build configuration list for PBXNativeTarget "DiskCleanerTests" */ = {
			isa = XCConfigurationList;
			buildConfigurations = (
				7B8692D62FC4A4FD00184027 /* Debug */,
				7B8692D72FC4A4FD00184027 /* Release */,
			);
			defaultConfigurationIsVisible = 0;
			defaultConfigurationName = Release;
		};
		7B8692D82FC4A4FD00184027 /* Build configuration list for PBXNativeTarget "DiskCleanerUITests" */ = {
			isa = XCConfigurationList;
			buildConfigurations = (
				7B8692D92FC4A4FD00184027 /* Debug */,
				7B8692DA2FC4A4FD00184027 /* Release */,
			);
			defaultConfigurationIsVisible = 0;
			defaultConfigurationName = Release;
		};
/* End XCConfigurationList section */

/* Begin XCLocalSwiftPackageReference section */
		7B8692EE2FC4BC7D00184027 /* XCLocalSwiftPackageReference "DiskCleanerCore" */ = {
			isa = XCLocalSwiftPackageReference;
			relativePath = DiskCleanerCore;
		};
/* End XCLocalSwiftPackageReference section */

/* Begin XCSwiftPackageProductDependency section */
		7B8692EF2FC4BC7D00184027 /* DiskCleanerCore */ = {
			isa = XCSwiftPackageProductDependency;
			productName = DiskCleanerCore;
		};
/* End XCSwiftPackageProductDependency section */
	};
	rootObject = 7B8692A62FC4A4FB00184027 /* Project object */;
}
